
Microsoft Visual Studio Solution File, Format Version 12.00
# Visual Studio Version 16
VisualStudioVersion = 16.0.29613.14
MinimumVisualStudioVersion = 10.0.40219.1
Project("{FAE04EC0-301F-11D3-BF4B-00C04F79EFBC}") = "Data", "Data\Data.csproj", "{B95CF3CA-638C-4D8D-BE06-AAF79C9AC508}"
EndProject
Project("{FAE04EC0-301F-11D3-BF4B-00C04F79EFBC}") = "Domain", "Domain\Domain.csproj", "{0C6CF8A3-B664-4609-9D60-DDEC63FDB052}"
EndProject
Project("{FAE04EC0-301F-11D3-BF4B-00C04F79EFBC}") = "Facade", "Facade\Facade.csproj", "{8FC54579-AB0A-41EC-8B8F-A1C41187AEAF}"
EndProject
Project("{FAE04EC0-301F-11D3-BF4B-00C04F79EFBC}") = "Infra", "Infra\Infra.csproj", "{9B039282-DBBC-4938-B9CF-9BF94B15E94E}"
EndProject
Project("{FAE04EC0-301F-11D3-BF4B-00C04F79EFBC}") = "Pages", "Pages\Pages.csproj", "{58540ACD-CCF1-4881-8B1A-D455EB82E85A}"
EndProject
Project("{FAE04EC0-301F-11D3-BF4B-00C04F79EFBC}") = "Soft", "Soft\Soft.csproj", "{B4263D09-4AE8-4512-923D-DEA66412DF68}"
EndProject
Global
	GlobalSection(SolutionConfigurationPlatforms) = preSolution
		Debug|Any CPU = Debug|Any CPU
		Release|Any CPU = Release|Any CPU
	EndGlobalSection
	GlobalSection(ProjectConfigurationPlatforms) = postSolution
		{B95CF3CA-638C-4D8D-BE06-AAF79C9AC508}.Debug|Any CPU.ActiveCfg = Debug|Any CPU
		{B95CF3CA-638C-4D8D-BE06-AAF79C9AC508}.Debug|Any CPU.Build.0 = Debug|Any CPU
		{B95CF3CA-638C-4D8D-BE06-AAF79C9AC508}.Release|Any CPU.ActiveCfg = Release|Any CPU
		{B95CF3CA-638C-4D8D-BE06-AAF79C9AC508}.Release|Any CPU.Build.0 = Release|Any CPU
		{0C6CF8A3-B664-4609-9D60-DDEC63FDB052}.Debug|Any CPU.ActiveCfg = Debug|Any CPU
		{0C6CF8A3-B664-4609-9D60-DDEC63FDB052}.Debug|Any CPU.Build.0 = Debug|Any CPU
		{0C6CF8A3-B664-4609-9D60-DDEC63FDB052}.Release|Any CPU.ActiveCfg = Release|Any CPU
		{0C6CF8A3-B664-4609-9D60-DDEC63FDB052}.Release|Any CPU.Build.0 = Release|Any CPU
		{8FC54579-AB0A-41EC-8B8F-A1C41187AEAF}.Debug|Any CPU.ActiveCfg = Debug|Any CPU
		{8FC54579-AB0A-41EC-8B8F-A1C41187AEAF}.Debug|Any CPU.Build.0 = Debug|Any CPU
		{8FC54579-AB0A-41EC-8B8F-A1C41187AEAF}.Release|Any CPU.ActiveCfg = Release|Any CPU
		{8FC54579-AB0A-41EC-8B8F-A1C41187AEAF}.Release|Any CPU.Build.0 = Release|Any CPU
		{9B039282-DBBC-4938-B9CF-9BF94B15E94E}.Debug|Any CPU.ActiveCfg = Debug|Any CPU
		{9B039282-DBBC-4938-B9CF-9BF94B15E94E}.Debug|Any CPU.Build.0 = Debug|Any CPU
		{9B039282-DBBC-4938-B9CF-9BF94B15E94E}.Release|Any CPU.ActiveCfg = Release|Any CPU
		{9B039282-DBBC-4938-B9CF-9BF94B15E94E}.Release|Any CPU.Build.0 = Release|Any CPU
		{58540ACD-CCF1-4881-8B1A-D455EB82E85A}.Debug|Any CPU.ActiveCfg = Debug|Any CPU
		{58540ACD-CCF1-4881-8B1A-D455EB82E85A}.Debug|Any CPU.Build.0 = Debug|Any CPU
		{58540ACD-CCF1-4881-8B1A-D455EB82E85A}.Release|Any CPU.ActiveCfg = Release|Any CPU
		{58540ACD-CCF1-4881-8B1A-D455EB82E85A}.Release|Any CPU.Build.0 = Release|Any CPU
		{B4263D09-4AE8-4512-923D-DEA66412DF68}.Debug|Any CPU.ActiveCfg = Debug|Any CPU
		{B4263D09-4AE8-4512-923D-DEA66412DF68}.Debug|Any CPU.Build.0 = Debug|Any CPU
		{B4263D09-4AE8-4512-923D-DEA66412DF68}.Release|Any CPU.ActiveCfg = Release|Any CPU
		{B4263D09-4AE8-4512-923D-DEA66412DF68}.Release|Any CPU.Build.0 = Release|Any CPU
	EndGlobalSection
	GlobalSection(SolutionProperties) = preSolution
		HideSolutionNode = FALSE
	EndGlobalSection
	GlobalSection(ExtensibilityGlobals) = postSolution
		SolutionGuid = {70B856A6-77D9-4C69-A7B2-092B85711B5F}
	EndGlobalSection
EndGlobal
